
Microsoft Visual Studio Solution File, Format Version 12.00
# Visual Studio 15
VisualStudioVersion = 15.0.28307.572
MinimumVisualStudioVersion = 10.0.40219.1
Project("{FAE04EC0-301F-11D3-BF4B-00C04F79EFBC}") = "GitHubFirst", "GitHubFirst\GitHubFirst.csproj", "{B2365742-CE83-4D1C-9D66-9669D7CFA2C2}"
EndProject
Global
	GlobalSection(SolutionConfigurationPlatforms) = preSolution
		Debug|Any CPU = Debug|Any CPU
		Release|Any CPU = Release|Any CPU
	EndGlobalSection
	GlobalSection(ProjectConfigurationPlatforms) = postSolution
		{B2365742-CE83-4D1C-9D66-9669D7CFA2C2}.Debug|Any CPU.ActiveCfg = Debug|Any CPU
		{B2365742-CE83-4D1C-9D66-9669D7CFA2C2}.Debug|Any CPU.Build.0 = Debug|Any CPU
		{B2365742-CE83-4D1C-9D66-9669D7CFA2C2}.Release|Any CPU.ActiveCfg = Release|Any CPU
		{B2365742-CE83-4D1C-9D66-9669D7CFA2C2}.Release|Any CPU.Build.0 = Release|Any CPU
	EndGlobalSection
	GlobalSection(SolutionProperties) = preSolution
		HideSolutionNode = FALSE
	EndGlobalSection
	GlobalSection(ExtensibilityGlobals) = postSolution
		SolutionGuid = {8ED2FEB6-2D5D-436E-AA9E-1E65DE35A99C}
	EndGlobalSection
EndGlobal
